# This file is automatically @generated by Poetry 2.0.1 and should not be changed by hand.

[[package]]
name = "anyio"
version = "4.5.2"
description = "High level compatibility layer for multiple asynchronous event loop implementations"
optional = false
python-versions = ">=3.8"
groups = ["main"]
files = [
    {file = "anyio-4.5.2-py3-none-any.whl", hash = "sha256:c011ee36bc1e8ba40e5a81cb9df91925c218fe9b778554e0b56a21e1b5d4716f"},
    {file = "anyio-4.5.2.tar.gz", hash = "sha256:23009af4ed04ce05991845451e11ef02fc7c5ed29179ac9a420e5ad0ac7ddc5b"},
]

[package.dependencies]
exceptiongroup = {version = ">=1.0.2", markers = "python_version < \"3.11\""}
idna = ">=2.8"
sniffio = ">=1.1"
typing-extensions = {version = ">=4.1", markers = "python_version < \"3.11\""}

[package.extras]
doc = ["Sphinx (>=7.4,<8.0)", "packaging", "sphinx-autodoc-typehints (>=1.2.0)", "sphinx-rtd-theme"]
test = ["anyio[trio]", "coverage[toml] (>=7)", "exceptiongroup (>=1.2.0)", "hypothesis (>=4.0)", "psutil (>=5.9)", "pytest (>=7.0)", "pytest-mock (>=3.6.1)", "trustme", "truststore (>=0.9.1)", "uvloop (>=0.21.0b1)"]
trio = ["trio (>=0.26.1)"]

[[package]]
name = "attrs"
version = "25.1.0"
description = "Classes Without Boilerplate"
optional = false
python-versions = ">=3.8"
groups = ["main"]
files = [
    {file = "attrs-25.1.0-py3-none-any.whl", hash = "sha256:c75a69e28a550a7e93789579c22aa26b0f5b83b75dc4e08fe092980051e1090a"},
    {file = "attrs-25.1.0.tar.gz", hash = "sha256:1c97078a80c814273a76b2a298a932eb681c87415c11dee0a6921de7f1b02c3e"},
]

[package.extras]
benchmark = ["cloudpickle", "hypothesis", "mypy (>=1.11.1)", "pympler", "pytest (>=4.3.0)", "pytest-codspeed", "pytest-mypy-plugins", "pytest-xdist[psutil]"]
cov = ["cloudpickle", "coverage[toml] (>=5.3)", "hypothesis", "mypy (>=1.11.1)", "pympler", "pytest (>=4.3.0)", "pytest-mypy-plugins", "pytest-xdist[psutil]"]
dev = ["cloudpickle", "hypothesis", "mypy (>=1.11.1)", "pre-commit-uv", "pympler", "pytest (>=4.3.0)", "pytest-mypy-plugins", "pytest-xdist[psutil]"]
docs = ["cogapp", "furo", "myst-parser", "sphinx", "sphinx-notfound-page", "sphinxcontrib-towncrier", "towncrier (<24.7)"]
tests = ["cloudpickle", "hypothesis", "mypy (>=1.11.1)", "pympler", "pytest (>=4.3.0)", "pytest-mypy-plugins", "pytest-xdist[psutil]"]
tests-mypy = ["mypy (>=1.11.1)", "pytest-mypy-plugins"]

[[package]]
name = "boltons"
version = "25.0.0"
description = "When they're not builtins, they're boltons."
optional = false
python-versions = ">=3.7"
groups = ["main"]
files = [
    {file = "boltons-25.0.0-py3-none-any.whl", hash = "sha256:dc9fb38bf28985715497d1b54d00b62ea866eca3938938ea9043e254a3a6ca62"},
    {file = "boltons-25.0.0.tar.gz", hash = "sha256:e110fbdc30b7b9868cb604e3f71d4722dd8f4dcb4a5ddd06028ba8f1ab0b5ace"},
]

[[package]]
name = "certifi"
version = "2025.1.31"
description = "Python package for providing Mozilla's CA Bundle."
optional = false
python-versions = ">=3.6"
groups = ["main"]
files = [
    {file = "certifi-2025.1.31-py3-none-any.whl", hash = "sha256:ca78db4565a652026a4db2bcdf68f2fb589ea80d0be70e03929ed730746b84fe"},
    {file = "certifi-2025.1.31.tar.gz", hash = "sha256:3d5da6925056f6f18f119200434a4780a94263f10d1c21d032a6f6b2baa20651"},
]

[[package]]
name = "exceptiongroup"
version = "1.2.2"
description = "Backport of PEP 654 (exception groups)"
optional = false
python-versions = ">=3.7"
groups = ["main"]
markers = "python_version < \"3.11\""
files = [
    {file = "exceptiongroup-1.2.2-py3-none-any.whl", hash = "sha256:3111b9d131c238bec2f8f516e123e14ba243563fb135d3fe885990585aa7795b"},
    {file = "exceptiongroup-1.2.2.tar.gz", hash = "sha256:47c2edf7c6738fafb49fd34290706d1a1a2f4d1c6df275526b62cbb4aa5393cc"},
]

[package.extras]
test = ["pytest (>=6)"]

[[package]]
name = "face"
version = "24.0.0"
description = "A command-line application framework (and CLI parser). Friendly for users, full-featured for developers."
optional = false
python-versions = "*"
groups = ["main"]
files = [
    {file = "face-24.0.0-py3-none-any.whl", hash = "sha256:0e2c17b426fa4639a4e77d1de9580f74a98f4869ba4c7c8c175b810611622cd3"},
    {file = "face-24.0.0.tar.gz", hash = "sha256:611e29a01ac5970f0077f9c577e746d48c082588b411b33a0dd55c4d872949f6"},
]

[package.dependencies]
boltons = ">=20.0.0"

[[package]]
name = "glom"
version = "24.11.0"
description = "A declarative object transformer and formatter, for conglomerating nested data."
optional = false
python-versions = "*"
groups = ["main"]
files = [
    {file = "glom-24.11.0-py3-none-any.whl", hash = "sha256:991db7fcb4bfa9687010aa519b7b541bbe21111e70e58fdd2d7e34bbaa2c1fbd"},
    {file = "glom-24.11.0.tar.gz", hash = "sha256:4325f96759a912044af7b6c6bd0dba44ad8c1eb6038aab057329661d2021bb27"},
]

[package.dependencies]
attrs = "*"
boltons = ">=19.3.0"
face = ">=20.1.1"

[package.extras]
toml = ["tomli"]
yaml = ["PyYAML"]

[[package]]
name = "gracy"
version = "1.34.0"
description = "Gracefully manage your API interactions"
optional = false
python-versions = "<4.0,>=3.8.1"
groups = ["main"]
files = [
    {file = "gracy-1.34.0-py3-none-any.whl", hash = "sha256:a0a736b51237cd9ae395c22e3e6afc87ad407b6c329022763972f68942774cad"},
    {file = "gracy-1.34.0.tar.gz", hash = "sha256:b22668f295c4e33040579cadfd1509bdfd4657d9db51bee92859aba21a6ddfc7"},
]

[package.dependencies]
httpx = ">=0.23.0"
typing-extensions = ">=4.9.0,<5.0.0"

[package.extras]
pymongo = ["pymongo"]
rich = ["rich"]

[[package]]
name = "h11"
version = "0.14.0"
description = "A pure-Python, bring-your-own-I/O implementation of HTTP/1.1"
optional = false
python-versions = ">=3.7"
groups = ["main"]
files = [
    {file = "h11-0.14.0-py3-none-any.whl", hash = "sha256:e3fe4ac4b851c468cc8363d500db52c2ead036020723024a109d37346efaa761"},
    {file = "h11-0.14.0.tar.gz", hash = "sha256:8f19fbbe99e72420ff35c00b27a34cb9937e902a8b810e2c88300c6f0a3b699d"},
]

[[package]]
name = "httpcore"
version = "1.0.7"
description = "A minimal low-level HTTP client."
optional = false
python-versions = ">=3.8"
groups = ["main"]
files = [
    {file = "httpcore-1.0.7-py3-none-any.whl", hash = "sha256:a3fff8f43dc260d5bd363d9f9cf1830fa3a458b332856f34282de498ed420edd"},
    {file = "httpcore-1.0.7.tar.gz", hash = "sha256:8551cb62a169ec7162ac7be8d4817d561f60e08eaa485234898414bb5a8a0b4c"},
]

[package.dependencies]
certifi = "*"
h11 = ">=0.13,<0.15"

[package.extras]
asyncio = ["anyio (>=4.0,<5.0)"]
http2 = ["h2 (>=3,<5)"]
socks = ["socksio (==1.*)"]
trio = ["trio (>=0.22.0,<1.0)"]

[[package]]
name = "httpx"
version = "0.28.1"
description = "The next generation HTTP client."
optional = false
python-versions = ">=3.8"
groups = ["main"]
files = [
    {file = "httpx-0.28.1-py3-none-any.whl", hash = "sha256:d909fcccc110f8c7faf814ca82a9a4d816bc5a6dbfea25d6591d6985b8ba59ad"},
    {file = "httpx-0.28.1.tar.gz", hash = "sha256:75e98c5f16b0f35b567856f597f06ff2270a374470a5c2392242528e3e3e42fc"},
]

[package.dependencies]
anyio = "*"
certifi = "*"
httpcore = "==1.*"
idna = "*"

[package.extras]
brotli = ["brotli", "brotlicffi"]
cli = ["click (==8.*)", "pygments (==2.*)", "rich (>=10,<14)"]
http2 = ["h2 (>=3,<5)"]
socks = ["socksio (==1.*)"]
zstd = ["zstandard (>=0.18.0)"]

[[package]]
name = "idna"
version = "3.10"
description = "Internationalized Domain Names in Applications (IDNA)"
optional = false
python-versions = ">=3.6"
groups = ["main"]
files = [
    {file = "idna-3.10-py3-none-any.whl", hash = "sha256:946d195a0d259cbba61165e88e65941f16e9b36ea6ddb97f00452bae8b1287d3"},
    {file = "idna-3.10.tar.gz", hash = "sha256:12f65c9b470abda6dc35cf8e63cc574b1c52b11df2c86030af0ac09b01b13ea9"},
]

[package.extras]
all = ["flake8 (>=7.1.1)", "mypy (>=1.11.2)", "pytest (>=8.3.2)", "ruff (>=0.6.2)"]

[[package]]
name = "python-box"
version = "7.2.0"
description = "Advanced Python dictionaries with dot notation access"
optional = false
python-versions = ">=3.8"
groups = ["main"]
files = [
    {file = "python_box-7.2.0-cp310-cp310-macosx_11_0_x86_64.whl", hash = "sha256:6bdeec791e25258351388b3029a3ec5da302bb9ed3be175493c43cdc6c47f5e3"},
    {file = "python_box-7.2.0-cp310-cp310-manylinux_2_17_x86_64.manylinux2014_x86_64.whl", hash = "sha256:c449f7b3756a71479fa9c61a86e344ac00ed782a66d7662590f0afa294249d18"},
    {file = "python_box-7.2.0-cp310-cp310-win_amd64.whl", hash = "sha256:6b0d61f182d394106d963232854e495b51edc178faa5316a797be1178212d7e0"},
    {file = "python_box-7.2.0-cp311-cp311-macosx_10_9_universal2.whl", hash = "sha256:e2d752de8c1204255bf7b0c814c59ef48293c187a7e9fdcd2fefa28024b72032"},
    {file = "python_box-7.2.0-cp311-cp311-manylinux_2_17_x86_64.manylinux2014_x86_64.whl", hash = "sha256:e8a6c35ea356a386077935958a5debcd5b229b9a1b3b26287a52dfe1a7e65d99"},
    {file = "python_box-7.2.0-cp311-cp311-win_amd64.whl", hash = "sha256:32ed58ec4d9e5475efe69f9c7d773dfea90a6a01979e776da93fd2b0a5d04429"},
    {file = "python_box-7.2.0-cp312-cp312-macosx_10_9_universal2.whl", hash = "sha256:2a2d664c6a27f7515469b6f1e461935a2038ee130b7d194b4b4db4e85d363618"},
    {file = "python_box-7.2.0-cp312-cp312-manylinux_2_17_x86_64.manylinux2014_x86_64.whl", hash = "sha256:e8a5a7365db1aaf600d3e8a2747fcf6833beb5d45439a54318548f02e302e3ec"},
    {file = "python_box-7.2.0-cp312-cp312-win_amd64.whl", hash = "sha256:739f827056ea148cbea3122d4617c994e829b420b1331183d968b175304e3a4f"},
    {file = "python_box-7.2.0-cp38-cp38-macosx_11_0_x86_64.whl", hash = "sha256:2617ef3c3d199f55f63c908f540a4dc14ced9b18533a879e6171c94a6a436f23"},
    {file = "python_box-7.2.0-cp38-cp38-manylinux_2_17_x86_64.manylinux2014_x86_64.whl", hash = "sha256:ffd866bed03087b1d8340014da8c3aaae19135767580641df1b4ae6fff6ac0aa"},
    {file = "python_box-7.2.0-cp38-cp38-win_amd64.whl", hash = "sha256:9681f059e7e92bdf20782cd9ea6e533d4711fc7b8c57a462922a025d46add4d0"},
    {file = "python_box-7.2.0-cp39-cp39-macosx_11_0_x86_64.whl", hash = "sha256:6b59b1e2741c9ceecdf5a5bd9b90502c24650e609cd824d434fed3b6f302b7bb"},
    {file = "python_box-7.2.0-cp39-cp39-manylinux_2_17_x86_64.manylinux2014_x86_64.whl", hash = "sha256:e23fae825d809ae7520fdeac88bb52be55a3b63992120a00e381783669edf589"},
    {file = "python_box-7.2.0-cp39-cp39-win_amd64.whl", hash = "sha256:573b1abdcb7bd745fa404444f060ee62fc35a74f067181e55dcb43cfe92f2827"},
    {file = "python_box-7.2.0-py3-none-any.whl", hash = "sha256:a3c90832dd772cb0197fdb5bc06123b6e1b846899a1b53d9c39450d27a584829"},
    {file = "python_box-7.2.0.tar.gz", hash = "sha256:551af20bdab3a60a2a21e3435120453c4ca32f7393787c3a5036e1d9fc6a0ede"},
]

[package.extras]
all = ["msgpack", "ruamel.yaml (>=0.17)", "toml"]
msgpack = ["msgpack"]
pyyaml = ["PyYAML"]
ruamel-yaml = ["ruamel.yaml (>=0.17)"]
toml = ["toml"]
tomli = ["tomli", "tomli-w"]
yaml = ["ruamel.yaml (>=0.17)"]

[[package]]
name = "sniffio"
version = "1.3.1"
description = "Sniff out which async library your code is running under"
optional = false
python-versions = ">=3.7"
groups = ["main"]
files = [
    {file = "sniffio-1.3.1-py3-none-any.whl", hash = "sha256:2f6da418d1f1e0fddd844478f41680e794e6051915791a034ff65e5f100525a2"},
    {file = "sniffio-1.3.1.tar.gz", hash = "sha256:f4324edc670a0f49750a81b895f35c3adb843cca46f0530f79fc1babb23789dc"},
]

[[package]]
name = "typing-extensions"
version = "4.12.2"
description = "Backported and Experimental Type Hints for Python 3.8+"
optional = false
python-versions = ">=3.8"
groups = ["main"]
files = [
    {file = "typing_extensions-4.12.2-py3-none-any.whl", hash = "sha256:04e5ca0351e0f3f85c6853954072df659d0d13fac324d0072316b67d7794700d"},
    {file = "typing_extensions-4.12.2.tar.gz", hash = "sha256:1a7ead55c7e559dd4dee8856e3a88b41225abfe1ce8df57b7c13915fe121ffb8"},
]

[[package]]
name = "xmltodict"
version = "0.14.2"
description = "Makes working with XML feel like you are working with JSON"
optional = false
python-versions = ">=3.6"
groups = ["main"]
files = [
    {file = "xmltodict-0.14.2-py2.py3-none-any.whl", hash = "sha256:20cc7d723ed729276e808f26fb6b3599f786cbc37e06c65e192ba77c40f20aac"},
    {file = "xmltodict-0.14.2.tar.gz", hash = "sha256:201e7c28bb210e374999d1dde6382923ab0ed1a8a5faeece48ab525b7810a553"},
]

[metadata]
lock-version = "2.1"
python-versions = ">=3.8.1, <4.0.0"
content-hash = "823f9d99803be1860daf8fbde025e1ce0a6b2d3f9fbd6eed499f263c60904f6a"
