version = 1
requires-python = ">=3.8.1, <4.0.0"
resolution-markers = [
    "python_full_version >= '3.13'",
    "python_full_version >= '3.9' and python_full_version < '3.13'",
    "python_full_version < '3.9'",
]

[[package]]
name = "almapy"
version = "5.20.0"
source = { editable = "." }
dependencies = [
    { name = "glom" },
    { name = "gracy" },
    { name = "httpx" },
    { name = "python-box", version = "7.2.0", source = { registry = "https://gitlab.bodleian.ox.ac.uk/api/v4/groups/bdlss-ils/-/packages/pypi/simple" }, marker = "python_full_version < '3.9'" },
    { name = "python-box", version = "7.3.2", source = { registry = "https://gitlab.bodleian.ox.ac.uk/api/v4/groups/bdlss-ils/-/packages/pypi/simple" }, marker = "python_full_version >= '3.9'" },
    { name = "typing-extensions" },
    { name = "xmltodict" },
]

[package.metadata]
requires-dist = [
    { name = "glom", specifier = ">=23.5.0" },
    { name = "gracy", specifier = ">=1.32.1" },
    { name = "httpx", specifier = ">=0.27.0" },
    { name = "python-box", specifier = ">=7.2.0" },
    { name = "typing-extensions", specifier = ">=4.12.2,<5.0.0" },
    { name = "xmltodict", specifier = ">=0.13.0" },
]

[[package]]
name = "anyio"
version = "4.5.2"
source = { registry = "https://gitlab.bodleian.ox.ac.uk/api/v4/groups/bdlss-ils/-/packages/pypi/simple" }
resolution-markers = [
    "python_full_version < '3.9'",
]
dependencies = [
    { name = "exceptiongroup", marker = "python_full_version < '3.9'" },
    { name = "idna", marker = "python_full_version < '3.9'" },
    { name = "sniffio", marker = "python_full_version < '3.9'" },
    { name = "typing-extensions", marker = "python_full_version < '3.9'" },
]
sdist = { url = "https://files.pythonhosted.org/packages/4d/f9/9a7ce600ebe7804daf90d4d48b1c0510a4561ddce43a596be46676f82343/anyio-4.5.2.tar.gz", hash = "sha256:23009af4ed04ce05991845451e11ef02fc7c5ed29179ac9a420e5ad0ac7ddc5b", size = 171293 }
wheels = [
    { url = "https://files.pythonhosted.org/packages/1b/b4/f7e396030e3b11394436358ca258a81d6010106582422f23443c16ca1873/anyio-4.5.2-py3-none-any.whl", hash = "sha256:c011ee36bc1e8ba40e5a81cb9df91925c218fe9b778554e0b56a21e1b5d4716f", size = 89766 },
]

[[package]]
name = "anyio"
version = "4.8.0"
source = { registry = "https://gitlab.bodleian.ox.ac.uk/api/v4/groups/bdlss-ils/-/packages/pypi/simple" }
resolution-markers = [
    "python_full_version >= '3.13'",
    "python_full_version >= '3.9' and python_full_version < '3.13'",
]
dependencies = [
    { name = "exceptiongroup", marker = "python_full_version >= '3.9' and python_full_version < '3.11'" },
    { name = "idna", marker = "python_full_version >= '3.9'" },
    { name = "sniffio", marker = "python_full_version >= '3.9'" },
    { name = "typing-extensions", marker = "python_full_version >= '3.9' and python_full_version < '3.13'" },
]
sdist = { url = "https://files.pythonhosted.org/packages/a3/73/199a98fc2dae33535d6b8e8e6ec01f8c1d76c9adb096c6b7d64823038cde/anyio-4.8.0.tar.gz", hash = "sha256:1d9fe889df5212298c0c0723fa20479d1b94883a2df44bd3897aa91083316f7a", size = 181126 }
wheels = [
    { url = "https://files.pythonhosted.org/packages/46/eb/e7f063ad1fec6b3178a3cd82d1a3c4de82cccf283fc42746168188e1cdd5/anyio-4.8.0-py3-none-any.whl", hash = "sha256:b5011f270ab5eb0abf13385f851315585cc37ef330dd88e27ec3d34d651fd47a", size = 96041 },
]

[[package]]
name = "attrs"
version = "25.1.0"
source = { registry = "https://gitlab.bodleian.ox.ac.uk/api/v4/groups/bdlss-ils/-/packages/pypi/simple" }
sdist = { url = "https://files.pythonhosted.org/packages/49/7c/fdf464bcc51d23881d110abd74b512a42b3d5d376a55a831b44c603ae17f/attrs-25.1.0.tar.gz", hash = "sha256:1c97078a80c814273a76b2a298a932eb681c87415c11dee0a6921de7f1b02c3e", size = 810562 }
wheels = [
    { url = "https://files.pythonhosted.org/packages/fc/30/d4986a882011f9df997a55e6becd864812ccfcd821d64aac8570ee39f719/attrs-25.1.0-py3-none-any.whl", hash = "sha256:c75a69e28a550a7e93789579c22aa26b0f5b83b75dc4e08fe092980051e1090a", size = 63152 },
]

[[package]]
name = "boltons"
version = "24.1.0"
source = { registry = "https://gitlab.bodleian.ox.ac.uk/api/v4/groups/bdlss-ils/-/packages/pypi/simple" }
sdist = { url = "https://files.pythonhosted.org/packages/84/76/dfc34232b3e88634025563f52a430be0838182647c063f99569086922554/boltons-24.1.0.tar.gz", hash = "sha256:4a49b7d57ee055b83a458c8682a2a6f199d263a8aa517098bda9bab813554b87", size = 240916 }
wheels = [
    { url = "https://files.pythonhosted.org/packages/b8/96/e44606e60a0c005ac5f2a641960a93ca8f449ebdce7479f9bc4f10bead6d/boltons-24.1.0-py3-none-any.whl", hash = "sha256:a1776d47fdc387fb730fba1fe245f405ee184ee0be2fb447dd289773a84aed3b", size = 192196 },
]

[[package]]
name = "certifi"
version = "2024.12.14"
source = { registry = "https://gitlab.bodleian.ox.ac.uk/api/v4/groups/bdlss-ils/-/packages/pypi/simple" }
sdist = { url = "https://files.pythonhosted.org/packages/0f/bd/1d41ee578ce09523c81a15426705dd20969f5abf006d1afe8aeff0dd776a/certifi-2024.12.14.tar.gz", hash = "sha256:b650d30f370c2b724812bee08008be0c4163b163ddaec3f2546c1caf65f191db", size = 166010 }
wheels = [
    { url = "https://files.pythonhosted.org/packages/a5/32/8f6669fc4798494966bf446c8c4a162e0b5d893dff088afddf76414f70e1/certifi-2024.12.14-py3-none-any.whl", hash = "sha256:1275f7a45be9464efc1173084eaa30f866fe2e47d389406136d332ed4967ec56", size = 164927 },
]

[[package]]
name = "exceptiongroup"
version = "1.2.2"
source = { registry = "https://gitlab.bodleian.ox.ac.uk/api/v4/groups/bdlss-ils/-/packages/pypi/simple" }
sdist = { url = "https://files.pythonhosted.org/packages/09/35/2495c4ac46b980e4ca1f6ad6db102322ef3ad2410b79fdde159a4b0f3b92/exceptiongroup-1.2.2.tar.gz", hash = "sha256:47c2edf7c6738fafb49fd34290706d1a1a2f4d1c6df275526b62cbb4aa5393cc", size = 28883 }
wheels = [
    { url = "https://files.pythonhosted.org/packages/02/cc/b7e31358aac6ed1ef2bb790a9746ac2c69bcb3c8588b41616914eb106eaf/exceptiongroup-1.2.2-py3-none-any.whl", hash = "sha256:3111b9d131c238bec2f8f516e123e14ba243563fb135d3fe885990585aa7795b", size = 16453 },
]

[[package]]
name = "face"
version = "24.0.0"
source = { registry = "https://gitlab.bodleian.ox.ac.uk/api/v4/groups/bdlss-ils/-/packages/pypi/simple" }
dependencies = [
    { name = "boltons" },
]
sdist = { url = "https://files.pythonhosted.org/packages/ac/79/2484075a8549cd64beae697a8f664dee69a5ccf3a7439ee40c8f93c1978a/face-24.0.0.tar.gz", hash = "sha256:611e29a01ac5970f0077f9c577e746d48c082588b411b33a0dd55c4d872949f6", size = 62732 }
wheels = [
    { url = "https://files.pythonhosted.org/packages/e9/47/21867c2e5fd006c8d36a560df9e32cb4f1f566b20c5dd41f5f8a2124f7de/face-24.0.0-py3-none-any.whl", hash = "sha256:0e2c17b426fa4639a4e77d1de9580f74a98f4869ba4c7c8c175b810611622cd3", size = 54742 },
]

[[package]]
name = "glom"
version = "24.11.0"
source = { registry = "https://gitlab.bodleian.ox.ac.uk/api/v4/groups/bdlss-ils/-/packages/pypi/simple" }
dependencies = [
    { name = "attrs" },
    { name = "boltons" },
    { name = "face" },
]
sdist = { url = "https://files.pythonhosted.org/packages/05/89/b57cfbc448189426f2e01b244fbe9226b059ef5423a9d49c1d335a1f1026/glom-24.11.0.tar.gz", hash = "sha256:4325f96759a912044af7b6c6bd0dba44ad8c1eb6038aab057329661d2021bb27", size = 195120 }
wheels = [
    { url = "https://files.pythonhosted.org/packages/9c/a2/75fd80784ec33da8d39cf885e8811a4fbc045a90db5e336b8e345e66dbb2/glom-24.11.0-py3-none-any.whl", hash = "sha256:991db7fcb4bfa9687010aa519b7b541bbe21111e70e58fdd2d7e34bbaa2c1fbd", size = 102690 },
]

[[package]]
name = "gracy"
version = "1.34.0"
source = { registry = "https://gitlab.bodleian.ox.ac.uk/api/v4/groups/bdlss-ils/-/packages/pypi/simple" }
dependencies = [
    { name = "httpx" },
    { name = "typing-extensions" },
]
sdist = { url = "https://files.pythonhosted.org/packages/90/5d/07d890968a6692bb47cbeae171329932a6cac41891ffe17bef359585d3be/gracy-1.34.0.tar.gz", hash = "sha256:b22668f295c4e33040579cadfd1509bdfd4657d9db51bee92859aba21a6ddfc7", size = 48591 }
wheels = [
    { url = "https://files.pythonhosted.org/packages/f4/fe/4828245695c8d10f74e025da35facdaedfe7bb5788cefb0b89bf1ecc1db8/gracy-1.34.0-py3-none-any.whl", hash = "sha256:a0a736b51237cd9ae395c22e3e6afc87ad407b6c329022763972f68942774cad", size = 46279 },
]

[[package]]
name = "h11"
version = "0.14.0"
source = { registry = "https://gitlab.bodleian.ox.ac.uk/api/v4/groups/bdlss-ils/-/packages/pypi/simple" }
sdist = { url = "https://files.pythonhosted.org/packages/f5/38/3af3d3633a34a3316095b39c8e8fb4853a28a536e55d347bd8d8e9a14b03/h11-0.14.0.tar.gz", hash = "sha256:8f19fbbe99e72420ff35c00b27a34cb9937e902a8b810e2c88300c6f0a3b699d", size = 100418 }
wheels = [
    { url = "https://files.pythonhosted.org/packages/95/04/ff642e65ad6b90db43e668d70ffb6736436c7ce41fcc549f4e9472234127/h11-0.14.0-py3-none-any.whl", hash = "sha256:e3fe4ac4b851c468cc8363d500db52c2ead036020723024a109d37346efaa761", size = 58259 },
]

[[package]]
name = "httpcore"
version = "1.0.7"
source = { registry = "https://gitlab.bodleian.ox.ac.uk/api/v4/groups/bdlss-ils/-/packages/pypi/simple" }
dependencies = [
    { name = "certifi" },
    { name = "h11" },
]
sdist = { url = "https://files.pythonhosted.org/packages/6a/41/d7d0a89eb493922c37d343b607bc1b5da7f5be7e383740b4753ad8943e90/httpcore-1.0.7.tar.gz", hash = "sha256:8551cb62a169ec7162ac7be8d4817d561f60e08eaa485234898414bb5a8a0b4c", size = 85196 }
wheels = [
    { url = "https://files.pythonhosted.org/packages/87/f5/72347bc88306acb359581ac4d52f23c0ef445b57157adedb9aee0cd689d2/httpcore-1.0.7-py3-none-any.whl", hash = "sha256:a3fff8f43dc260d5bd363d9f9cf1830fa3a458b332856f34282de498ed420edd", size = 78551 },
]

[[package]]
name = "httpx"
version = "0.28.1"
source = { registry = "https://gitlab.bodleian.ox.ac.uk/api/v4/groups/bdlss-ils/-/packages/pypi/simple" }
dependencies = [
    { name = "anyio", version = "4.5.2", source = { registry = "https://gitlab.bodleian.ox.ac.uk/api/v4/groups/bdlss-ils/-/packages/pypi/simple" }, marker = "python_full_version < '3.9'" },
    { name = "anyio", version = "4.8.0", source = { registry = "https://gitlab.bodleian.ox.ac.uk/api/v4/groups/bdlss-ils/-/packages/pypi/simple" }, marker = "python_full_version >= '3.9'" },
    { name = "certifi" },
    { name = "httpcore" },
    { name = "idna" },
]
sdist = { url = "https://files.pythonhosted.org/packages/b1/df/48c586a5fe32a0f01324ee087459e112ebb7224f646c0b5023f5e79e9956/httpx-0.28.1.tar.gz", hash = "sha256:75e98c5f16b0f35b567856f597f06ff2270a374470a5c2392242528e3e3e42fc", size = 141406 }
wheels = [
    { url = "https://files.pythonhosted.org/packages/2a/39/e50c7c3a983047577ee07d2a9e53faf5a69493943ec3f6a384bdc792deb2/httpx-0.28.1-py3-none-any.whl", hash = "sha256:d909fcccc110f8c7faf814ca82a9a4d816bc5a6dbfea25d6591d6985b8ba59ad", size = 73517 },
]

[[package]]
name = "idna"
version = "3.10"
source = { registry = "https://gitlab.bodleian.ox.ac.uk/api/v4/groups/bdlss-ils/-/packages/pypi/simple" }
sdist = { url = "https://files.pythonhosted.org/packages/f1/70/7703c29685631f5a7590aa73f1f1d3fa9a380e654b86af429e0934a32f7d/idna-3.10.tar.gz", hash = "sha256:12f65c9b470abda6dc35cf8e63cc574b1c52b11df2c86030af0ac09b01b13ea9", size = 190490 }
wheels = [
    { url = "https://files.pythonhosted.org/packages/76/c6/c88e154df9c4e1a2a66ccf0005a88dfb2650c1dffb6f5ce603dfbd452ce3/idna-3.10-py3-none-any.whl", hash = "sha256:946d195a0d259cbba61165e88e65941f16e9b36ea6ddb97f00452bae8b1287d3", size = 70442 },
]

[[package]]
name = "python-box"
version = "7.2.0"
source = { registry = "https://gitlab.bodleian.ox.ac.uk/api/v4/groups/bdlss-ils/-/packages/pypi/simple" }
resolution-markers = [
    "python_full_version < '3.9'",
]
sdist = { url = "https://files.pythonhosted.org/packages/d2/e4/8de6f91bb2a3c07eab631a2d8fc100fa759529b8576ea01c1c5d83ef886c/python_box-7.2.0.tar.gz", hash = "sha256:551af20bdab3a60a2a21e3435120453c4ca32f7393787c3a5036e1d9fc6a0ede", size = 45135 }
wheels = [
    { url = "https://files.pythonhosted.org/packages/e6/e4/b74c722abb6c040ef5de6c2787cc788e414a946ebb1972e7240c55294f53/python_box-7.2.0-cp310-cp310-macosx_11_0_x86_64.whl", hash = "sha256:6bdeec791e25258351388b3029a3ec5da302bb9ed3be175493c43cdc6c47f5e3", size = 1298750 },
    { url = "https://files.pythonhosted.org/packages/35/30/38a4165441a212f160076bafab81413d5192ba8507cb2c506dff7e194275/python_box-7.2.0-cp310-cp310-manylinux_2_17_x86_64.manylinux2014_x86_64.whl", hash = "sha256:c449f7b3756a71479fa9c61a86e344ac00ed782a66d7662590f0afa294249d18", size = 3885379 },
    { url = "https://files.pythonhosted.org/packages/bc/69/3b9392f0707d0ae1dde1fe6003883421195f98d103f2083e87e9c014aeb7/python_box-7.2.0-cp310-cp310-win_amd64.whl", hash = "sha256:6b0d61f182d394106d963232854e495b51edc178faa5316a797be1178212d7e0", size = 1191433 },
    { url = "https://files.pythonhosted.org/packages/f9/35/66313d7f1b3370c184eafa9f61ba982968e339ba0bda696bf564fbc74b70/python_box-7.2.0-cp311-cp311-macosx_10_9_universal2.whl", hash = "sha256:e2d752de8c1204255bf7b0c814c59ef48293c187a7e9fdcd2fefa28024b72032", size = 1833297 },
    { url = "https://files.pythonhosted.org/packages/04/5f/1ed110a22b5ff5e430fbbd1655afff6f833f1af83333a8815f22f47fc0ce/python_box-7.2.0-cp311-cp311-manylinux_2_17_x86_64.manylinux2014_x86_64.whl", hash = "sha256:e8a6c35ea356a386077935958a5debcd5b229b9a1b3b26287a52dfe1a7e65d99", size = 4314840 },
    { url = "https://files.pythonhosted.org/packages/b4/a7/a9cd90c90d6d9b361fa4a9c27d9ea55c61dee70e6a7681d757f218035e61/python_box-7.2.0-cp311-cp311-win_amd64.whl", hash = "sha256:32ed58ec4d9e5475efe69f9c7d773dfea90a6a01979e776da93fd2b0a5d04429", size = 1197148 },
    { url = "https://files.pythonhosted.org/packages/dc/13/39a808760ce42eba8435577dd74abd15e43dc0149d14d96769febc99f172/python_box-7.2.0-cp312-cp312-macosx_10_9_universal2.whl", hash = "sha256:2a2d664c6a27f7515469b6f1e461935a2038ee130b7d194b4b4db4e85d363618", size = 1797264 },
    { url = "https://files.pythonhosted.org/packages/af/06/953f932c34fe117f0c1b016332055c64c7ed5b284851d402ea570d7dbea4/python_box-7.2.0-cp312-cp312-manylinux_2_17_x86_64.manylinux2014_x86_64.whl", hash = "sha256:e8a5a7365db1aaf600d3e8a2747fcf6833beb5d45439a54318548f02e302e3ec", size = 4239520 },
    { url = "https://files.pythonhosted.org/packages/91/0d/f5548978dd4cfc26c562a266bd2d077427eaf3577d8b88c4c3deac793332/python_box-7.2.0-cp312-cp312-win_amd64.whl", hash = "sha256:739f827056ea148cbea3122d4617c994e829b420b1331183d968b175304e3a4f", size = 1175886 },
    { url = "https://files.pythonhosted.org/packages/3a/e5/0f2f8106a2496d598755620138811f034904b8c0a746cfdec1a8b1c80572/python_box-7.2.0-cp38-cp38-macosx_11_0_x86_64.whl", hash = "sha256:2617ef3c3d199f55f63c908f540a4dc14ced9b18533a879e6171c94a6a436f23", size = 1292013 },
    { url = "https://files.pythonhosted.org/packages/a5/58/8b6b8ca51172a65d9b79cd843a738d46e757936e2eb4eca9f149ab2fe870/python_box-7.2.0-cp38-cp38-manylinux_2_17_x86_64.manylinux2014_x86_64.whl", hash = "sha256:ffd866bed03087b1d8340014da8c3aaae19135767580641df1b4ae6fff6ac0aa", size = 3951984 },
    { url = "https://files.pythonhosted.org/packages/62/7c/118a42a7c40e3b011b6b3c862fa11626d00ab732e70fe5aa0f5794dae5f9/python_box-7.2.0-cp38-cp38-win_amd64.whl", hash = "sha256:9681f059e7e92bdf20782cd9ea6e533d4711fc7b8c57a462922a025d46add4d0", size = 1193851 },
    { url = "https://files.pythonhosted.org/packages/97/39/1f0fc998a5bd1f23d855b8d7231580625e8970dcea37a4f55d94e9d292bf/python_box-7.2.0-cp39-cp39-macosx_11_0_x86_64.whl", hash = "sha256:6b59b1e2741c9ceecdf5a5bd9b90502c24650e609cd824d434fed3b6f302b7bb", size = 1299255 },
    { url = "https://files.pythonhosted.org/packages/76/12/fb2b7adcc9080f3e049390c5791ffce295eacbd1734c8f37de334c6cef5c/python_box-7.2.0-cp39-cp39-manylinux_2_17_x86_64.manylinux2014_x86_64.whl", hash = "sha256:e23fae825d809ae7520fdeac88bb52be55a3b63992120a00e381783669edf589", size = 3892057 },
    { url = "https://files.pythonhosted.org/packages/d1/ab/e5587298db92c08dd42895804161e7de64337923793e23932d29cd4a87e8/python_box-7.2.0-cp39-cp39-win_amd64.whl", hash = "sha256:573b1abdcb7bd745fa404444f060ee62fc35a74f067181e55dcb43cfe92f2827", size = 1191707 },
    { url = "https://files.pythonhosted.org/packages/46/46/1a162759b3b753c29c59979495586fddb125ff70597fca582691e17f11ab/python_box-7.2.0-py3-none-any.whl", hash = "sha256:a3c90832dd772cb0197fdb5bc06123b6e1b846899a1b53d9c39450d27a584829", size = 29192 },
]

[[package]]
name = "python-box"
version = "7.3.2"
source = { registry = "https://gitlab.bodleian.ox.ac.uk/api/v4/groups/bdlss-ils/-/packages/pypi/simple" }
resolution-markers = [
    "python_full_version >= '3.13'",
    "python_full_version >= '3.9' and python_full_version < '3.13'",
]
sdist = { url = "https://files.pythonhosted.org/packages/29/f7/635eed8c500adf26208e86e985bbffb6ff039cd8950e3a4749ceca904218/python_box-7.3.2.tar.gz", hash = "sha256:028b9917129e67f311932d93347b8a4f1b500d7a5a2870ee3c035f4e7b19403b", size = 45771 }
wheels = [
    { url = "https://files.pythonhosted.org/packages/ef/ee/7d9a4bc3ac4e693018506fb21893f4ba253694fd31dd93f7195f57a6c8d0/python_box-7.3.2-cp310-cp310-macosx_10_9_universal2.whl", hash = "sha256:d136163294fd61a1554db7dd203f2e3035064798d30c17d67d948f0de5c572de", size = 1832073 },
    { url = "https://files.pythonhosted.org/packages/25/be/97c585206086f50175b72e31f092f0afb3de43013d040097c1febbc7a2ce/python_box-7.3.2-cp310-cp310-manylinux_2_17_x86_64.manylinux2014_x86_64.whl", hash = "sha256:47d72e96547d8e2c2c333909826e9fae338d9a7e4cde07d5c6058cdd468432c0", size = 3954019 },
    { url = "https://files.pythonhosted.org/packages/34/6b/95d1f13ae2c2c72854f8e845385312693a67ba0b2c9499d57476d8394c61/python_box-7.3.2-cp310-cp310-win_amd64.whl", hash = "sha256:3aa52e3b5cc50c80bb7ef4be3e41e81d095310f619454a7ffd61eef3209a6225", size = 1229788 },
    { url = "https://files.pythonhosted.org/packages/1e/3f/133619c00d8a9d4f86efd8626c0e4ec356c8b8dabac66da18dac5cfaf70c/python_box-7.3.2-cp311-cp311-macosx_10_9_universal2.whl", hash = "sha256:32163b1cb151883de0da62b0cd3572610dc72ccf0762f2447baf1d2562e25bea", size = 1834122 },
    { url = "https://files.pythonhosted.org/packages/b7/52/51b6081562daa864847692536260200b337ccb4176d1e5f626ae48a7d493/python_box-7.3.2-cp311-cp311-manylinux_2_17_x86_64.manylinux2014_x86_64.whl", hash = "sha256:064cb59b41e25aaf7dbd39efe53151a5f6797cc1cb3c68610f0f21a9d406d67e", size = 4305556 },
    { url = "https://files.pythonhosted.org/packages/d4/e2/6cdc8649381ae14def88c3e2e93d5b8b17a622a95896e0d1c92861270b7d/python_box-7.3.2-cp311-cp311-win_amd64.whl", hash = "sha256:488f0fba9a6416c3334b602366dcd92825adb0811e07e03753dfcf0ed79cd6f7", size = 1232328 },
    { url = "https://files.pythonhosted.org/packages/45/68/0c2f289d8055d3e1b156ff258847f0e8f1010063e284cf5a612f09435575/python_box-7.3.2-cp312-cp312-macosx_10_13_universal2.whl", hash = "sha256:39009a2da5c20133718b24891a206592adbe09169856aedc450ad1600fc2e511", size = 1819681 },
    { url = "https://files.pythonhosted.org/packages/ce/5d/76b4d6d0e41edb676a229f032848a1ecea166890fa8d501513ea1a030f4d/python_box-7.3.2-cp312-cp312-manylinux_2_17_x86_64.manylinux2014_x86_64.whl", hash = "sha256:2e2a72e2f6fb97c7e472ff3272da207ecc615aa222e52e98352391428527c469", size = 4270424 },
    { url = "https://files.pythonhosted.org/packages/e4/6b/32484b2a3cd2fb5e5f56bfb53a4537d93a4d2014ccf7fc0c0017fa6f65e9/python_box-7.3.2-cp312-cp312-win_amd64.whl", hash = "sha256:9eead914b9fb7d98a1473f5027dcfe27d26b3a10ffa33b9ba22cf948a23cd280", size = 1211252 },
    { url = "https://files.pythonhosted.org/packages/2f/39/8bec609e93dbc5e0d3ea26cfb5af3ca78915f7a55ef5414713462fedeb59/python_box-7.3.2-cp313-cp313-macosx_10_13_universal2.whl", hash = "sha256:1dfc3b9b073f3d7cad1fa90de98eaaa684a494d0574bbc0666f74fa8307fd6b6", size = 1804675 },
    { url = "https://files.pythonhosted.org/packages/88/ae/baf3a8057d8129896a7e02619df43ea0d918fc5b2bb66eb6e2470595fbac/python_box-7.3.2-cp313-cp313-manylinux_2_17_x86_64.manylinux2014_x86_64.whl", hash = "sha256:3ca4685a7f764b5a71b6e08535ce2a96b7964bb63d8cb4df10f6bb7147b6c54b", size = 4265645 },
    { url = "https://files.pythonhosted.org/packages/43/90/72367e03033c11a5e82676ee389b572bf136647ff4e3081557392b37e1ad/python_box-7.3.2-cp313-cp313-win_amd64.whl", hash = "sha256:e143295f74d47a9ab24562ead2375c9be10629599b57f2e86717d3fff60f82a9", size = 1206740 },
    { url = "https://files.pythonhosted.org/packages/3b/3d/3e3d803b16cc3d49cc4ffe52af742f7bdb42c130b1bc937ad2c150bee012/python_box-7.3.2-cp39-cp39-macosx_10_9_universal2.whl", hash = "sha256:f3118ab3076b645c76133b8fac51deee30237cecdcafc3af664c4b9000f04db9", size = 1832780 },
    { url = "https://files.pythonhosted.org/packages/b6/1e/d1c02d64009e59aed7ecec893c68c12e8de5d983b5410d52c7c8a35433d9/python_box-7.3.2-cp39-cp39-manylinux_2_17_x86_64.manylinux2014_x86_64.whl", hash = "sha256:42a760074ba12ccc247796f43b6c61f686ada4b8349ab59e2a6303b27f3ae082", size = 3955091 },
    { url = "https://files.pythonhosted.org/packages/94/8f/984677ef56e5a82c73a8a270a8388f4fa65750ab95bc9c171a465b8bd97e/python_box-7.3.2-cp39-cp39-win_amd64.whl", hash = "sha256:ea436e7ff5f87bd728472f1e31a9e6e95572c81028c44a8e00097e0968955638", size = 1229980 },
    { url = "https://files.pythonhosted.org/packages/37/13/8a990c6e2b6cc12700dce16f3cb383324e6d9a30f604eca22a2fdf84c923/python_box-7.3.2-py3-none-any.whl", hash = "sha256:fd7d74d5a848623f93b5221fd9fb00b8c00ff0e130fa87f396277aa188659c92", size = 29479 },
]

[[package]]
name = "sniffio"
version = "1.3.1"
source = { registry = "https://gitlab.bodleian.ox.ac.uk/api/v4/groups/bdlss-ils/-/packages/pypi/simple" }
sdist = { url = "https://files.pythonhosted.org/packages/a2/87/a6771e1546d97e7e041b6ae58d80074f81b7d5121207425c964ddf5cfdbd/sniffio-1.3.1.tar.gz", hash = "sha256:f4324edc670a0f49750a81b895f35c3adb843cca46f0530f79fc1babb23789dc", size = 20372 }
wheels = [
    { url = "https://files.pythonhosted.org/packages/e9/44/75a9c9421471a6c4805dbf2356f7c181a29c1879239abab1ea2cc8f38b40/sniffio-1.3.1-py3-none-any.whl", hash = "sha256:2f6da418d1f1e0fddd844478f41680e794e6051915791a034ff65e5f100525a2", size = 10235 },
]

[[package]]
name = "typing-extensions"
version = "4.12.2"
source = { registry = "https://gitlab.bodleian.ox.ac.uk/api/v4/groups/bdlss-ils/-/packages/pypi/simple" }
sdist = { url = "https://files.pythonhosted.org/packages/df/db/f35a00659bc03fec321ba8bce9420de607a1d37f8342eee1863174c69557/typing_extensions-4.12.2.tar.gz", hash = "sha256:1a7ead55c7e559dd4dee8856e3a88b41225abfe1ce8df57b7c13915fe121ffb8", size = 85321 }
wheels = [
    { url = "https://files.pythonhosted.org/packages/26/9f/ad63fc0248c5379346306f8668cda6e2e2e9c95e01216d2b8ffd9ff037d0/typing_extensions-4.12.2-py3-none-any.whl", hash = "sha256:04e5ca0351e0f3f85c6853954072df659d0d13fac324d0072316b67d7794700d", size = 37438 },
]

[[package]]
name = "xmltodict"
version = "0.14.2"
source = { registry = "https://gitlab.bodleian.ox.ac.uk/api/v4/groups/bdlss-ils/-/packages/pypi/simple" }
sdist = { url = "https://files.pythonhosted.org/packages/50/05/51dcca9a9bf5e1bce52582683ce50980bcadbc4fa5143b9f2b19ab99958f/xmltodict-0.14.2.tar.gz", hash = "sha256:201e7c28bb210e374999d1dde6382923ab0ed1a8a5faeece48ab525b7810a553", size = 51942 }
wheels = [
    { url = "https://files.pythonhosted.org/packages/d6/45/fc303eb433e8a2a271739c98e953728422fa61a3c1f36077a49e395c972e/xmltodict-0.14.2-py2.py3-none-any.whl", hash = "sha256:20cc7d723ed729276e808f26fb6b3599f786cbc37e06c65e192ba77c40f20aac", size = 9981 },
]
